
Microsoft Visual Studio Solution File, Format Version 12.00
# Visual Studio 2012
Project("{FAE04EC0-301F-11D3-BF4B-00C04F79EFBC}") = "MVCWebMis", "MVCWebMis\MVCWebMis.csproj", "{39BDE402-5358-45EA-AC9E-A78B9C30C92D}"
EndProject
Project("{FAE04EC0-301F-11D3-BF4B-00C04F79EFBC}") = "WHC.MVCWebMis.Core", "WHC.MVCWebMis.Core\WHC.MVCWebMis.Core.csproj", "{FCFD05C3-CAC2-4ADE-9EBB-85BE17548E4A}"
EndProject
Global
	GlobalSection(SolutionConfigurationPlatforms) = preSolution
		CD_ROM|Any CPU = CD_ROM|Any CPU
		CD_ROM|x86 = CD_ROM|x86
		Debug|Any CPU = Debug|Any CPU
		Debug|x86 = Debug|x86
		DVD-5|Any CPU = DVD-5|Any CPU
		DVD-5|x86 = DVD-5|x86
		Release|Any CPU = Release|Any CPU
		Release|x86 = Release|x86
		SingleImage|Any CPU = SingleImage|Any CPU
		SingleImage|x86 = SingleImage|x86
	EndGlobalSection
	GlobalSection(ProjectConfigurationPlatforms) = postSolution
		{39BDE402-5358-45EA-AC9E-A78B9C30C92D}.CD_ROM|Any CPU.ActiveCfg = Release|Any CPU
		{39BDE402-5358-45EA-AC9E-A78B9C30C92D}.CD_ROM|Any CPU.Build.0 = Release|Any CPU
		{39BDE402-5358-45EA-AC9E-A78B9C30C92D}.CD_ROM|x86.ActiveCfg = Release|x86
		{39BDE402-5358-45EA-AC9E-A78B9C30C92D}.CD_ROM|x86.Build.0 = Release|x86
		{39BDE402-5358-45EA-AC9E-A78B9C30C92D}.Debug|Any CPU.ActiveCfg = Debug|Any CPU
		{39BDE402-5358-45EA-AC9E-A78B9C30C92D}.Debug|Any CPU.Build.0 = Debug|Any CPU
		{39BDE402-5358-45EA-AC9E-A78B9C30C92D}.Debug|x86.ActiveCfg = Debug|x86
		{39BDE402-5358-45EA-AC9E-A78B9C30C92D}.Debug|x86.Build.0 = Debug|x86
		{39BDE402-5358-45EA-AC9E-A78B9C30C92D}.DVD-5|Any CPU.ActiveCfg = Debug|Any CPU
		{39BDE402-5358-45EA-AC9E-A78B9C30C92D}.DVD-5|Any CPU.Build.0 = Debug|Any CPU
		{39BDE402-5358-45EA-AC9E-A78B9C30C92D}.DVD-5|x86.ActiveCfg = Debug|x86
		{39BDE402-5358-45EA-AC9E-A78B9C30C92D}.DVD-5|x86.Build.0 = Debug|x86
		{39BDE402-5358-45EA-AC9E-A78B9C30C92D}.Release|Any CPU.ActiveCfg = Release|Any CPU
		{39BDE402-5358-45EA-AC9E-A78B9C30C92D}.Release|Any CPU.Build.0 = Release|Any CPU
		{39BDE402-5358-45EA-AC9E-A78B9C30C92D}.Release|x86.ActiveCfg = Release|x86
		{39BDE402-5358-45EA-AC9E-A78B9C30C92D}.Release|x86.Build.0 = Release|x86
		{39BDE402-5358-45EA-AC9E-A78B9C30C92D}.SingleImage|Any CPU.ActiveCfg = Release|Any CPU
		{39BDE402-5358-45EA-AC9E-A78B9C30C92D}.SingleImage|Any CPU.Build.0 = Release|Any CPU
		{39BDE402-5358-45EA-AC9E-A78B9C30C92D}.SingleImage|x86.ActiveCfg = Release|x86
		{39BDE402-5358-45EA-AC9E-A78B9C30C92D}.SingleImage|x86.Build.0 = Release|x86
		{FCFD05C3-CAC2-4ADE-9EBB-85BE17548E4A}.CD_ROM|Any CPU.ActiveCfg = Release|Any CPU
		{FCFD05C3-CAC2-4ADE-9EBB-85BE17548E4A}.CD_ROM|Any CPU.Build.0 = Release|Any CPU
		{FCFD05C3-CAC2-4ADE-9EBB-85BE17548E4A}.CD_ROM|x86.ActiveCfg = Release|x86
		{FCFD05C3-CAC2-4ADE-9EBB-85BE17548E4A}.CD_ROM|x86.Build.0 = Release|x86
		{FCFD05C3-CAC2-4ADE-9EBB-85BE17548E4A}.Debug|Any CPU.ActiveCfg = Debug|Any CPU
		{FCFD05C3-CAC2-4ADE-9EBB-85BE17548E4A}.Debug|Any CPU.Build.0 = Debug|Any CPU
		{FCFD05C3-CAC2-4ADE-9EBB-85BE17548E4A}.Debug|x86.ActiveCfg = Debug|x86
		{FCFD05C3-CAC2-4ADE-9EBB-85BE17548E4A}.Debug|x86.Build.0 = Debug|x86
		{FCFD05C3-CAC2-4ADE-9EBB-85BE17548E4A}.DVD-5|Any CPU.ActiveCfg = Debug|Any CPU
		{FCFD05C3-CAC2-4ADE-9EBB-85BE17548E4A}.DVD-5|Any CPU.Build.0 = Debug|Any CPU
		{FCFD05C3-CAC2-4ADE-9EBB-85BE17548E4A}.DVD-5|x86.ActiveCfg = Debug|x86
		{FCFD05C3-CAC2-4ADE-9EBB-85BE17548E4A}.DVD-5|x86.Build.0 = Debug|x86
		{FCFD05C3-CAC2-4ADE-9EBB-85BE17548E4A}.Release|Any CPU.ActiveCfg = Release|Any CPU
		{FCFD05C3-CAC2-4ADE-9EBB-85BE17548E4A}.Release|Any CPU.Build.0 = Release|Any CPU
		{FCFD05C3-CAC2-4ADE-9EBB-85BE17548E4A}.Release|x86.ActiveCfg = Release|x86
		{FCFD05C3-CAC2-4ADE-9EBB-85BE17548E4A}.Release|x86.Build.0 = Release|x86
		{FCFD05C3-CAC2-4ADE-9EBB-85BE17548E4A}.SingleImage|Any CPU.ActiveCfg = Release|Any CPU
		{FCFD05C3-CAC2-4ADE-9EBB-85BE17548E4A}.SingleImage|Any CPU.Build.0 = Release|Any CPU
		{FCFD05C3-CAC2-4ADE-9EBB-85BE17548E4A}.SingleImage|x86.ActiveCfg = Release|x86
		{FCFD05C3-CAC2-4ADE-9EBB-85BE17548E4A}.SingleImage|x86.Build.0 = Release|x86
		{BF212624-E6F4-4199-8B9D-D5F9A974A1FA}.CD_ROM|Any CPU.ActiveCfg = CD_ROM
		{BF212624-E6F4-4199-8B9D-D5F9A974A1FA}.CD_ROM|Any CPU.Build.0 = CD_ROM
		{BF212624-E6F4-4199-8B9D-D5F9A974A1FA}.CD_ROM|x86.ActiveCfg = CD_ROM
		{BF212624-E6F4-4199-8B9D-D5F9A974A1FA}.CD_ROM|x86.Build.0 = CD_ROM
		{BF212624-E6F4-4199-8B9D-D5F9A974A1FA}.Debug|Any CPU.ActiveCfg = DVD-5
		{BF212624-E6F4-4199-8B9D-D5F9A974A1FA}.Debug|Any CPU.Build.0 = DVD-5
		{BF212624-E6F4-4199-8B9D-D5F9A974A1FA}.Debug|x86.ActiveCfg = DVD-5
		{BF212624-E6F4-4199-8B9D-D5F9A974A1FA}.Debug|x86.Build.0 = DVD-5
		{BF212624-E6F4-4199-8B9D-D5F9A974A1FA}.DVD-5|Any CPU.ActiveCfg = DVD-5
		{BF212624-E6F4-4199-8B9D-D5F9A974A1FA}.DVD-5|Any CPU.Build.0 = DVD-5
		{BF212624-E6F4-4199-8B9D-D5F9A974A1FA}.DVD-5|x86.ActiveCfg = DVD-5
		{BF212624-E6F4-4199-8B9D-D5F9A974A1FA}.DVD-5|x86.Build.0 = DVD-5
		{BF212624-E6F4-4199-8B9D-D5F9A974A1FA}.Release|Any CPU.ActiveCfg = SingleImage
		{BF212624-E6F4-4199-8B9D-D5F9A974A1FA}.Release|Any CPU.Build.0 = SingleImage
		{BF212624-E6F4-4199-8B9D-D5F9A974A1FA}.Release|x86.ActiveCfg = SingleImage
		{BF212624-E6F4-4199-8B9D-D5F9A974A1FA}.Release|x86.Build.0 = SingleImage
		{BF212624-E6F4-4199-8B9D-D5F9A974A1FA}.SingleImage|Any CPU.ActiveCfg = SingleImage
		{BF212624-E6F4-4199-8B9D-D5F9A974A1FA}.SingleImage|Any CPU.Build.0 = SingleImage
		{BF212624-E6F4-4199-8B9D-D5F9A974A1FA}.SingleImage|x86.ActiveCfg = SingleImage
		{BF212624-E6F4-4199-8B9D-D5F9A974A1FA}.SingleImage|x86.Build.0 = SingleImage
	EndGlobalSection
	GlobalSection(SolutionProperties) = preSolution
		HideSolutionNode = FALSE
	EndGlobalSection
EndGlobal
