
Microsoft Visual Studio Solution File, Format Version 12.00
# Visual Studio 14
VisualStudioVersion = 14.0.25420.1
MinimumVisualStudioVersion = 10.0.40219.1
Project("{FAE04EC0-301F-11D3-BF4B-00C04F79EFBC}") = "RedisConnectTest", "RedisConnectTest\RedisConnectTest.csproj", "{4D8FE8C4-2D27-4739-9CB0-6F2DE3AD6A64}"
EndProject
Project("{FAE04EC0-301F-11D3-BF4B-00C04F79EFBC}") = "GBI.Core.Cache", "GBI.Core.Cache\GBI.Core.Cache.csproj", "{B86624B5-CE4D-48CD-AD0E-C1B127E4841F}"
EndProject
Global
	GlobalSection(SolutionConfigurationPlatforms) = preSolution
		Debug|Any CPU = Debug|Any CPU
		Release|Any CPU = Release|Any CPU
	EndGlobalSection
	GlobalSection(ProjectConfigurationPlatforms) = postSolution
		{4D8FE8C4-2D27-4739-9CB0-6F2DE3AD6A64}.Debug|Any CPU.ActiveCfg = Debug|Any CPU
		{4D8FE8C4-2D27-4739-9CB0-6F2DE3AD6A64}.Debug|Any CPU.Build.0 = Debug|Any CPU
		{4D8FE8C4-2D27-4739-9CB0-6F2DE3AD6A64}.Release|Any CPU.ActiveCfg = Release|Any CPU
		{4D8FE8C4-2D27-4739-9CB0-6F2DE3AD6A64}.Release|Any CPU.Build.0 = Release|Any CPU
		{B86624B5-CE4D-48CD-AD0E-C1B127E4841F}.Debug|Any CPU.ActiveCfg = Debug|Any CPU
		{B86624B5-CE4D-48CD-AD0E-C1B127E4841F}.Debug|Any CPU.Build.0 = Debug|Any CPU
		{B86624B5-CE4D-48CD-AD0E-C1B127E4841F}.Release|Any CPU.ActiveCfg = Release|Any CPU
		{B86624B5-CE4D-48CD-AD0E-C1B127E4841F}.Release|Any CPU.Build.0 = Release|Any CPU
	EndGlobalSection
	GlobalSection(SolutionProperties) = preSolution
		HideSolutionNode = FALSE
	EndGlobalSection
EndGlobal
