
Microsoft Visual Studio Solution File, Format Version 12.00
# Visual Studio 15
VisualStudioVersion = 15.0.26228.9
MinimumVisualStudioVersion = 10.0.40219.1
Project("{FAE04EC0-301F-11D3-BF4B-00C04F79EFBC}") = "Ruanmou.Core.Project", "Ruanmou.Core.Project\Ruanmou.Core.Project.csproj", "{69AFE1AE-5F72-41DA-9798-54A13C1253AF}"
EndProject
Project("{FAE04EC0-301F-11D3-BF4B-00C04F79EFBC}") = "Ruanmou.Core.ConsoleProject", "Ruanmou.Core.ConsoleProject\Ruanmou.Core.ConsoleProject.csproj", "{FE3136D0-654C-4FCA-AA1E-F9563B6752F6}"
EndProject
Project("{FAE04EC0-301F-11D3-BF4B-00C04F79EFBC}") = "Ruanmou.NetCore.MVC6", "Ruanmou.NetCore.MVC6\Ruanmou.NetCore.MVC6.csproj", "{4FE171B9-766B-417A-9989-BDF26096FC1F}"
EndProject
Project("{FAE04EC0-301F-11D3-BF4B-00C04F79EFBC}") = "Ruanmou.NetCore.Interface", "Ruanmou.NetCore.Interface\Ruanmou.NetCore.Interface.csproj", "{A6A38D26-E000-4B85-9417-DF2D5B05CDD8}"
EndProject
Project("{FAE04EC0-301F-11D3-BF4B-00C04F79EFBC}") = "Ruanmou.NetCore.Service", "Ruanmou.NetCore.Service\Ruanmou.NetCore.Service.csproj", "{7735433E-9CCD-4618-823D-CD78BFAEE3CC}"
EndProject
Project("{9A19103F-16F7-4668-BE54-9A1E7A4F7556}") = "Ruanmou.EFCore.Model", "Ruanmou.EFCore.Model\Ruanmou.EFCore.Model.csproj", "{C52511A2-7481-4E73-BAC2-BFE0658CC9E0}"
EndProject
Global
	GlobalSection(SolutionConfigurationPlatforms) = preSolution
		Debug|Any CPU = Debug|Any CPU
		Release|Any CPU = Release|Any CPU
	EndGlobalSection
	GlobalSection(ProjectConfigurationPlatforms) = postSolution
		{69AFE1AE-5F72-41DA-9798-54A13C1253AF}.Debug|Any CPU.ActiveCfg = Debug|Any CPU
		{69AFE1AE-5F72-41DA-9798-54A13C1253AF}.Debug|Any CPU.Build.0 = Debug|Any CPU
		{69AFE1AE-5F72-41DA-9798-54A13C1253AF}.Release|Any CPU.ActiveCfg = Release|Any CPU
		{69AFE1AE-5F72-41DA-9798-54A13C1253AF}.Release|Any CPU.Build.0 = Release|Any CPU
		{FE3136D0-654C-4FCA-AA1E-F9563B6752F6}.Debug|Any CPU.ActiveCfg = Debug|Any CPU
		{FE3136D0-654C-4FCA-AA1E-F9563B6752F6}.Debug|Any CPU.Build.0 = Debug|Any CPU
		{FE3136D0-654C-4FCA-AA1E-F9563B6752F6}.Release|Any CPU.ActiveCfg = Release|Any CPU
		{FE3136D0-654C-4FCA-AA1E-F9563B6752F6}.Release|Any CPU.Build.0 = Release|Any CPU
		{4FE171B9-766B-417A-9989-BDF26096FC1F}.Debug|Any CPU.ActiveCfg = Debug|Any CPU
		{4FE171B9-766B-417A-9989-BDF26096FC1F}.Debug|Any CPU.Build.0 = Debug|Any CPU
		{4FE171B9-766B-417A-9989-BDF26096FC1F}.Release|Any CPU.ActiveCfg = Release|Any CPU
		{4FE171B9-766B-417A-9989-BDF26096FC1F}.Release|Any CPU.Build.0 = Release|Any CPU
		{A6A38D26-E000-4B85-9417-DF2D5B05CDD8}.Debug|Any CPU.ActiveCfg = Debug|Any CPU
		{A6A38D26-E000-4B85-9417-DF2D5B05CDD8}.Debug|Any CPU.Build.0 = Debug|Any CPU
		{A6A38D26-E000-4B85-9417-DF2D5B05CDD8}.Release|Any CPU.ActiveCfg = Release|Any CPU
		{A6A38D26-E000-4B85-9417-DF2D5B05CDD8}.Release|Any CPU.Build.0 = Release|Any CPU
		{7735433E-9CCD-4618-823D-CD78BFAEE3CC}.Debug|Any CPU.ActiveCfg = Debug|Any CPU
		{7735433E-9CCD-4618-823D-CD78BFAEE3CC}.Debug|Any CPU.Build.0 = Debug|Any CPU
		{7735433E-9CCD-4618-823D-CD78BFAEE3CC}.Release|Any CPU.ActiveCfg = Release|Any CPU
		{7735433E-9CCD-4618-823D-CD78BFAEE3CC}.Release|Any CPU.Build.0 = Release|Any CPU
		{C52511A2-7481-4E73-BAC2-BFE0658CC9E0}.Debug|Any CPU.ActiveCfg = Debug|Any CPU
		{C52511A2-7481-4E73-BAC2-BFE0658CC9E0}.Debug|Any CPU.Build.0 = Debug|Any CPU
		{C52511A2-7481-4E73-BAC2-BFE0658CC9E0}.Release|Any CPU.ActiveCfg = Release|Any CPU
		{C52511A2-7481-4E73-BAC2-BFE0658CC9E0}.Release|Any CPU.Build.0 = Release|Any CPU
	EndGlobalSection
	GlobalSection(SolutionProperties) = preSolution
		HideSolutionNode = FALSE
	EndGlobalSection
EndGlobal
